// !$*UTF8*$!
{
	archiveVersion = 1;
	classes = {
	};
	objectVersion = 46;
	objects = {

/* Begin PBXBuildFile section */
		E531FC511C0D417B00B7FFD3 /* main.m in Sources */ = {isa = PBXBuildFile; fileRef = E531FC501C0D417B00B7FFD3 /* main.m */; };
		E531FC541C0D417B00B7FFD3 /* AppDelegate.m in Sources */ = {isa = PBXBuildFile; fileRef = E531FC531C0D417B00B7FFD3 /* AppDelegate.m */; };
		E531FC571C0D417B00B7FFD3 /* ViewController.m in Sources */ = {isa = PBXBuildFile; fileRef = E531FC561C0D417B00B7FFD3 /* ViewController.m */; };
		E531FC5A1C0D417B00B7FFD3 /* Main.storyboard in Resources */ = {isa = PBXBuildFile; fileRef = E531FC581C0D417B00B7FFD3 /* Main.storyboard */; };
		E531FC5C1C0D417B00B7FFD3 /* Assets.xcassets in Resources */ = {isa = PBXBuildFile; fileRef = E531FC5B1C0D417B00B7FFD3 /* Assets.xcassets */; };
		E531FC5F1C0D417B00B7FFD3 /* LaunchScreen.storyboard in Resources */ = {isa = PBXBuildFile; fileRef = E531FC5D1C0D417B00B7FFD3 /* LaunchScreen.storyboard */; };
		E531FC6D1C0D41A300B7FFD3 /* NotificationCenter.framework in Frameworks */ = {isa = PBXBuildFile; fileRef = E531FC6C1C0D41A300B7FFD3 /* NotificationCenter.framework */; };
		E531FC711C0D41A300B7FFD3 /* TodayViewController.m in Sources */ = {isa = PBXBuildFile; fileRef = E531FC701C0D41A300B7FFD3 /* TodayViewController.m */; };
		E531FC741C0D41A300B7FFD3 /* MainInterface.storyboard in Resources */ = {isa = PBXBuildFile; fileRef = E531FC721C0D41A300B7FFD3 /* MainInterface.storyboard */; };
		E531FC781C0D41A300B7FFD3 /* NotificationWidget.appex in Embed App Extensions */ = {isa = PBXBuildFile; fileRef = E531FC6A1C0D41A300B7FFD3 /* NotificationWidget.appex */; settings = {ATTRIBUTES = (RemoveHeadersOnCopy, ); }; };
/* End PBXBuildFile section */

/* Begin PBXContainerItemProxy section */
		E531FC761C0D41A300B7FFD3 /* PBXContainerItemProxy */ = {
			isa = PBXContainerItemProxy;
			containerPortal = E531FC441C0D417B00B7FFD3 /* Project object */;
			proxyType = 1;
			remoteGlobalIDString = E531FC691C0D41A300B7FFD3;
			remoteInfo = NotificationWidget;
		};
/* End PBXContainerItemProxy section */

/* Begin PBXCopyFilesBuildPhase section */
		E531FC7C1C0D41A300B7FFD3 /* Embed App Extensions */ = {
			isa = PBXCopyFilesBuildPhase;
			buildActionMask = 2147483647;
			dstPath = "";
			dstSubfolderSpec = 13;
			files = (
				E531FC781C0D41A300B7FFD3 /* NotificationWidget.appex in Embed App Extensions */,
			);
			name = "Embed App Extensions";
			runOnlyForDeploymentPostprocessing = 0;
		};
/* End PBXCopyFilesBuildPhase section */

/* Begin PBXFileReference section */
		E531FC4C1C0D417B00B7FFD3 /* WidgetDemo.app */ = {isa = PBXFileReference; explicitFileType = wrapper.application; includeInIndex = 0; path = WidgetDemo.app; sourceTree = BUILT_PRODUCTS_DIR; };
		E531FC501C0D417B00B7FFD3 /* main.m */ = {isa = PBXFileReference; lastKnownFileType = sourcecode.c.objc; path = main.m; sourceTree = "<group>"; };
		E531FC521C0D417B00B7FFD3 /* AppDelegate.h */ = {isa = PBXFileReference; lastKnownFileType = sourcecode.c.h; path = AppDelegate.h; sourceTree = "<group>"; };
		E531FC531C0D417B00B7FFD3 /* AppDelegate.m */ = {isa = PBXFileReference; lastKnownFileType = sourcecode.c.objc; path = AppDelegate.m; sourceTree = "<group>"; };
		E531FC551C0D417B00B7FFD3 /* ViewController.h */ = {isa = PBXFileReference; lastKnownFileType = sourcecode.c.h; path = ViewController.h; sourceTree = "<group>"; };
		E531FC561C0D417B00B7FFD3 /* ViewController.m */ = {isa = PBXFileReference; lastKnownFileType = sourcecode.c.objc; path = ViewController.m; sourceTree = "<group>"; };
		E531FC591C0D417B00B7FFD3 /* Base */ = {isa = PBXFileReference; lastKnownFileType = file.storyboard; name = Base; path = Base.lproj/Main.storyboard; sourceTree = "<group>"; };
		E531FC5B1C0D417B00B7FFD3 /* Assets.xcassets */ = {isa = PBXFileReference; lastKnownFileType = folder.assetcatalog; path = Assets.xcassets; sourceTree = "<group>"; };
		E531FC5E1C0D417B00B7FFD3 /* Base */ = {isa = PBXFileReference; lastKnownFileType = file.storyboard; name = Base; path = Base.lproj/LaunchScreen.storyboard; sourceTree = "<group>"; };
		E531FC601C0D417B00B7FFD3 /* Info.plist */ = {isa = PBXFileReference; lastKnownFileType = text.plist.xml; path = Info.plist; sourceTree = "<group>"; };
		E531FC6A1C0D41A300B7FFD3 /* NotificationWidget.appex */ = {isa = PBXFileReference; explicitFileType = "wrapper.app-extension"; includeInIndex = 0; path = NotificationWidget.appex; sourceTree = BUILT_PRODUCTS_DIR; };
		E531FC6C1C0D41A300B7FFD3 /* NotificationCenter.framework */ = {isa = PBXFileReference; lastKnownFileType = wrapper.framework; name = NotificationCenter.framework; path = System/Library/Frameworks/NotificationCenter.framework; sourceTree = SDKROOT; };
		E531FC6F1C0D41A300B7FFD3 /* TodayViewController.h */ = {isa = PBXFileReference; lastKnownFileType = sourcecode.c.h; path = TodayViewController.h; sourceTree = "<group>"; };
		E531FC701C0D41A300B7FFD3 /* TodayViewController.m */ = {isa = PBXFileReference; lastKnownFileType = sourcecode.c.objc; path = TodayViewController.m; sourceTree = "<group>"; };
		E531FC731C0D41A300B7FFD3 /* Base */ = {isa = PBXFileReference; lastKnownFileType = file.storyboard; name = Base; path = Base.lproj/MainInterface.storyboard; sourceTree = "<group>"; };
		E531FC751C0D41A300B7FFD3 /* Info.plist */ = {isa = PBXFileReference; lastKnownFileType = text.plist.xml; path = Info.plist; sourceTree = "<group>"; };
		E531FC7D1C0D429B00B7FFD3 /* NotificationWidget.entitlements */ = {isa = PBXFileReference; lastKnownFileType = text.xml; path = NotificationWidget.entitlements; sourceTree = "<group>"; };
		E531FC7E1C0D42ED00B7FFD3 /* WidgetDemo.entitlements */ = {isa = PBXFileReference; lastKnownFileType = text.xml; path = WidgetDemo.entitlements; sourceTree = "<group>"; };
/* End PBXFileReference section */

/* Begin PBXFrameworksBuildPhase section */
		E531FC491C0D417B00B7FFD3 /* Frameworks */ = {
			isa = PBXFrameworksBuildPhase;
			buildActionMask = 2147483647;
			files = (
			);
			runOnlyForDeploymentPostprocessing = 0;
		};
		E531FC671C0D41A300B7FFD3 /* Frameworks */ = {
			isa = PBXFrameworksBuildPhase;
			buildActionMask = 2147483647;
			files = (
				E531FC6D1C0D41A300B7FFD3 /* NotificationCenter.framework in Frameworks */,
			);
			runOnlyForDeploymentPostprocessing = 0;
		};
/* End PBXFrameworksBuildPhase section */

/* Begin PBXGroup section */
		E531FC431C0D417B00B7FFD3 = {
			isa = PBXGroup;
			children = (
				E531FC4E1C0D417B00B7FFD3 /* WidgetDemo */,
				E531FC6E1C0D41A300B7FFD3 /* NotificationWidget */,
				E531FC6B1C0D41A300B7FFD3 /* Frameworks */,
				E531FC4D1C0D417B00B7FFD3 /* Products */,
			);
			sourceTree = "<group>";
		};
		E531FC4D1C0D417B00B7FFD3 /* Products */ = {
			isa = PBXGroup;
			children = (
				E531FC4C1C0D417B00B7FFD3 /* WidgetDemo.app */,
				E531FC6A1C0D41A300B7FFD3 /* NotificationWidget.appex */,
			);
			name = Products;
			sourceTree = "<group>";
		};
		E531FC4E1C0D417B00B7FFD3 /* WidgetDemo */ = {
			isa = PBXGroup;
			children = (
				E531FC7E1C0D42ED00B7FFD3 /* WidgetDemo.entitlements */,
				E531FC521C0D417B00B7FFD3 /* AppDelegate.h */,
				E531FC531C0D417B00B7FFD3 /* AppDelegate.m */,
				E531FC551C0D417B00B7FFD3 /* ViewController.h */,
				E531FC561C0D417B00B7FFD3 /* ViewController.m */,
				E531FC581C0D417B00B7FFD3 /* Main.storyboard */,
				E531FC5B1C0D417B00B7FFD3 /* Assets.xcassets */,
				E531FC5D1C0D417B00B7FFD3 /* LaunchScreen.storyboard */,
				E531FC601C0D417B00B7FFD3 /* Info.plist */,
				E531FC4F1C0D417B00B7FFD3 /* Supporting Files */,
			);
			path = WidgetDemo;
			sourceTree = "<group>";
		};
		E531FC4F1C0D417B00B7FFD3 /* Supporting Files */ = {
			isa = PBXGroup;
			children = (
				E531FC501C0D417B00B7FFD3 /* main.m */,
			);
			name = "Supporting Files";
			sourceTree = "<group>";
		};
		E531FC6B1C0D41A300B7FFD3 /* Frameworks */ = {
			isa = PBXGroup;
			children = (
				E531FC6C1C0D41A300B7FFD3 /* NotificationCenter.framework */,
			);
			name = Frameworks;
			sourceTree = "<group>";
		};
		E531FC6E1C0D41A300B7FFD3 /* NotificationWidget */ = {
			isa = PBXGroup;
			children = (
				E531FC7D1C0D429B00B7FFD3 /* NotificationWidget.entitlements */,
				E531FC6F1C0D41A300B7FFD3 /* TodayViewController.h */,
				E531FC701C0D41A300B7FFD3 /* TodayViewController.m */,
				E531FC721C0D41A300B7FFD3 /* MainInterface.storyboard */,
				E531FC751C0D41A300B7FFD3 /* Info.plist */,
			);
			path = NotificationWidget;
			sourceTree = "<group>";
		};
/* End PBXGroup section */

/* Begin PBXNativeTarget section */
		E531FC4B1C0D417B00B7FFD3 /* WidgetDemo */ = {
			isa = PBXNativeTarget;
			buildConfigurationList = E531FC631C0D417B00B7FFD3 /* Build configuration list for PBXNativeTarget "WidgetDemo" */;
			buildPhases = (
				E531FC481C0D417B00B7FFD3 /* Sources */,
				E531FC491C0D417B00B7FFD3 /* Frameworks */,
				E531FC4A1C0D417B00B7FFD3 /* Resources */,
				E531FC7C1C0D41A300B7FFD3 /* Embed App Extensions */,
			);
			buildRules = (
			);
			dependencies = (
				E531FC771C0D41A300B7FFD3 /* PBXTargetDependency */,
			);
			name = WidgetDemo;
			productName = WidgetDemo;
			productReference = E531FC4C1C0D417B00B7FFD3 /* WidgetDemo.app */;
			productType = "com.apple.product-type.application";
		};
		E531FC691C0D41A300B7FFD3 /* NotificationWidget */ = {
			isa = PBXNativeTarget;
			buildConfigurationList = E531FC791C0D41A300B7FFD3 /* Build configuration list for PBXNativeTarget "NotificationWidget" */;
			buildPhases = (
				E531FC661C0D41A300B7FFD3 /* Sources */,
				E531FC671C0D41A300B7FFD3 /* Frameworks */,
				E531FC681C0D41A300B7FFD3 /* Resources */,
			);
			buildRules = (
			);
			dependencies = (
			);
			name = NotificationWidget;
			productName = NotificationWidget;
			productReference = E531FC6A1C0D41A300B7FFD3 /* NotificationWidget.appex */;
			productType = "com.apple.product-type.app-extension";
		};
/* End PBXNativeTarget section */

/* Begin PBXProject section */
		E531FC441C0D417B00B7FFD3 /* Project object */ = {
			isa = PBXProject;
			attributes = {
				LastUpgradeCheck = 0710;
				ORGANIZATIONNAME = yurongde;
				TargetAttributes = {
					E531FC4B1C0D417B00B7FFD3 = {
						CreatedOnToolsVersion = 7.1.1;
						DevelopmentTeam = FU8K87M93N;
						SystemCapabilities = {
							com.apple.ApplicationGroups.iOS = {
								enabled = 1;
							};
						};
					};
					E531FC691C0D41A300B7FFD3 = {
						CreatedOnToolsVersion = 7.1.1;
						DevelopmentTeam = FU8K87M93N;
						SystemCapabilities = {
							com.apple.ApplicationGroups.iOS = {
								enabled = 1;
							};
						};
					};
				};
			};
			buildConfigurationList = E531FC471C0D417B00B7FFD3 /* Build configuration list for PBXProject "WidgetDemo" */;
			compatibilityVersion = "Xcode 3.2";
			developmentRegion = English;
			hasScannedForEncodings = 0;
			knownRegions = (
				en,
				Base,
			);
			mainGroup = E531FC431C0D417B00B7FFD3;
			productRefGroup = E531FC4D1C0D417B00B7FFD3 /* Products */;
			projectDirPath = "";
			projectRoot = "";
			targets = (
				E531FC4B1C0D417B00B7FFD3 /* WidgetDemo */,
				E531FC691C0D41A300B7FFD3 /* NotificationWidget */,
			);
		};
/* End PBXProject section */

/* Begin PBXResourcesBuildPhase section */
		E531FC4A1C0D417B00B7FFD3 /* Resources */ = {
			isa = PBXResourcesBuildPhase;
			buildActionMask = 2147483647;
			files = (
				E531FC5F1C0D417B00B7FFD3 /* LaunchScreen.storyboard in Resources */,
				E531FC5C1C0D417B00B7FFD3 /* Assets.xcassets in Resources */,
				E531FC5A1C0D417B00B7FFD3 /* Main.storyboard in Resources */,
			);
			runOnlyForDeploymentPostprocessing = 0;
		};
		E531FC681C0D41A300B7FFD3 /* Resources */ = {
			isa = PBXResourcesBuildPhase;
			buildActionMask = 2147483647;
			files = (
				E531FC741C0D41A300B7FFD3 /* MainInterface.storyboard in Resources */,
			);
			runOnlyForDeploymentPostprocessing = 0;
		};
/* End PBXResourcesBuildPhase section */

/* Begin PBXSourcesBuildPhase section */
		E531FC481C0D417B00B7FFD3 /* Sources */ = {
			isa = PBXSourcesBuildPhase;
			buildActionMask = 2147483647;
			files = (
				E531FC571C0D417B00B7FFD3 /* ViewController.m in Sources */,
				E531FC541C0D417B00B7FFD3 /* AppDelegate.m in Sources */,
				E531FC511C0D417B00B7FFD3 /* main.m in Sources */,
			);
			runOnlyForDeploymentPostprocessing = 0;
		};
		E531FC661C0D41A300B7FFD3 /* Sources */ = {
			isa = PBXSourcesBuildPhase;
			buildActionMask = 2147483647;
			files = (
				E531FC711C0D41A300B7FFD3 /* TodayViewController.m in Sources */,
			);
			runOnlyForDeploymentPostprocessing = 0;
		};
/* End PBXSourcesBuildPhase section */

/* Begin PBXTargetDependency section */
		E531FC771C0D41A300B7FFD3 /* PBXTargetDependency */ = {
			isa = PBXTargetDependency;
			target = E531FC691C0D41A300B7FFD3 /* NotificationWidget */;
			targetProxy = E531FC761C0D41A300B7FFD3 /* PBXContainerItemProxy */;
		};
/* End PBXTargetDependency section */

/* Begin PBXVariantGroup section */
		E531FC581C0D417B00B7FFD3 /* Main.storyboard */ = {
			isa = PBXVariantGroup;
			children = (
				E531FC591C0D417B00B7FFD3 /* Base */,
			);
			name = Main.storyboard;
			sourceTree = "<group>";
		};
		E531FC5D1C0D417B00B7FFD3 /* LaunchScreen.storyboard */ = {
			isa = PBXVariantGroup;
			children = (
				E531FC5E1C0D417B00B7FFD3 /* Base */,
			);
			name = LaunchScreen.storyboard;
			sourceTree = "<group>";
		};
		E531FC721C0D41A300B7FFD3 /* MainInterface.storyboard */ = {
			isa = PBXVariantGroup;
			children = (
				E531FC731C0D41A300B7FFD3 /* Base */,
			);
			name = MainInterface.storyboard;
			sourceTree = "<group>";
		};
/* End PBXVariantGroup section */

/* Begin XCBuildConfiguration section */
		E531FC611C0D417B00B7FFD3 /* Debug */ = {
			isa = XCBuildConfiguration;
			buildSettings = {
				ALWAYS_SEARCH_USER_PATHS = NO;
				CLANG_CXX_LANGUAGE_STANDARD = "gnu++0x";
				CLANG_CXX_LIBRARY = "libc++";
				CLANG_ENABLE_MODULES = YES;
				CLANG_ENABLE_OBJC_ARC = YES;
				CLANG_WARN_BOOL_CONVERSION = YES;
				CLANG_WARN_CONSTANT_CONVERSION = YES;
				CLANG_WARN_DIRECT_OBJC_ISA_USAGE = YES_ERROR;
				CLANG_WARN_EMPTY_BODY = YES;
				CLANG_WARN_ENUM_CONVERSION = YES;
				CLANG_WARN_INT_CONVERSION = YES;
				CLANG_WARN_OBJC_ROOT_CLASS = YES_ERROR;
				CLANG_WARN_UNREACHABLE_CODE = YES;
				CLANG_WARN__DUPLICATE_METHOD_MATCH = YES;
				"CODE_SIGN_IDENTITY[sdk=iphoneos*]" = "iPhone Developer";
				COPY_PHASE_STRIP = NO;
				DEBUG_INFORMATION_FORMAT = dwarf;
				ENABLE_STRICT_OBJC_MSGSEND = YES;
				ENABLE_TESTABILITY = YES;
				GCC_C_LANGUAGE_STANDARD = gnu99;
				GCC_DYNAMIC_NO_PIC = NO;
				GCC_NO_COMMON_BLOCKS = YES;
				GCC_OPTIMIZATION_LEVEL = 0;
				GCC_PREPROCESSOR_DEFINITIONS = (
					"DEBUG=1",
					"$(inherited)",
				);
				GCC_WARN_64_TO_32_BIT_CONVERSION = YES;
				GCC_WARN_ABOUT_RETURN_TYPE = YES_ERROR;
				GCC_WARN_UNDECLARED_SELECTOR = YES;
				GCC_WARN_UNINITIALIZED_AUTOS = YES_AGGRESSIVE;
				GCC_WARN_UNUSED_FUNCTION = YES;
				GCC_WARN_UNUSED_VARIABLE = YES;
				IPHONEOS_DEPLOYMENT_TARGET = 9.1;
				MTL_ENABLE_DEBUG_INFO = YES;
				ONLY_ACTIVE_ARCH = YES;
				SDKROOT = iphoneos;
			};
			name = Debug;
		};
		E531FC621C0D417B00B7FFD3 /* Release */ = {
			isa = XCBuildConfiguration;
			buildSettings = {
				ALWAYS_SEARCH_USER_PATHS = NO;
				CLANG_CXX_LANGUAGE_STANDARD = "gnu++0x";
				CLANG_CXX_LIBRARY = "libc++";
				CLANG_ENABLE_MODULES = YES;
				CLANG_ENABLE_OBJC_ARC = YES;
				CLANG_WARN_BOOL_CONVERSION = YES;
				CLANG_WARN_CONSTANT_CONVERSION = YES;
				CLANG_WARN_DIRECT_OBJC_ISA_USAGE = YES_ERROR;
				CLANG_WARN_EMPTY_BODY = YES;
				CLANG_WARN_ENUM_CONVERSION = YES;
				CLANG_WARN_INT_CONVERSION = YES;
				CLANG_WARN_OBJC_ROOT_CLASS = YES_ERROR;
				CLANG_WARN_UNREACHABLE_CODE = YES;
				CLANG_WARN__DUPLICATE_METHOD_MATCH = YES;
				"CODE_SIGN_IDENTITY[sdk=iphoneos*]" = "iPhone Developer";
				COPY_PHASE_STRIP = NO;
				DEBUG_INFORMATION_FORMAT = "dwarf-with-dsym";
				ENABLE_NS_ASSERTIONS = NO;
				ENABLE_STRICT_OBJC_MSGSEND = YES;
				GCC_C_LANGUAGE_STANDARD = gnu99;
				GCC_NO_COMMON_BLOCKS = YES;
				GCC_WARN_64_TO_32_BIT_CONVERSION = YES;
				GCC_WARN_ABOUT_RETURN_TYPE = YES_ERROR;
				GCC_WARN_UNDECLARED_SELECTOR = YES;
				GCC_WARN_UNINITIALIZED_AUTOS = YES_AGGRESSIVE;
				GCC_WARN_UNUSED_FUNCTION = YES;
				GCC_WARN_UNUSED_VARIABLE = YES;
				IPHONEOS_DEPLOYMENT_TARGET = 9.1;
				MTL_ENABLE_DEBUG_INFO = NO;
				SDKROOT = iphoneos;
				VALIDATE_PRODUCT = YES;
			};
			name = Release;
		};
		E531FC641C0D417B00B7FFD3 /* Debug */ = {
			isa = XCBuildConfiguration;
			buildSettings = {
				ASSETCATALOG_COMPILER_APPICON_NAME = AppIcon;
				CODE_SIGN_ENTITLEMENTS = WidgetDemo/WidgetDemo.entitlements;
				CODE_SIGN_IDENTITY = "iPhone Developer";
				"CODE_SIGN_IDENTITY[sdk=iphoneos*]" = "iPhone Developer";
				INFOPLIST_FILE = WidgetDemo/Info.plist;
				LD_RUNPATH_SEARCH_PATHS = "$(inherited) @executable_path/Frameworks";
				PRODUCT_BUNDLE_IDENTIFIER = com.ssddd.WidgetDemo;
				PRODUCT_NAME = "$(TARGET_NAME)";
				PROVISIONING_PROFILE = "";
			};
			name = Debug;
		};
		E531FC651C0D417B00B7FFD3 /* Release */ = {
			isa = XCBuildConfiguration;
			buildSettings = {
				ASSETCATALOG_COMPILER_APPICON_NAME = AppIcon;
				CODE_SIGN_ENTITLEMENTS = WidgetDemo/WidgetDemo.entitlements;
				CODE_SIGN_IDENTITY = "iPhone Developer";
				"CODE_SIGN_IDENTITY[sdk=iphoneos*]" = "iPhone Developer";
				INFOPLIST_FILE = WidgetDemo/Info.plist;
				LD_RUNPATH_SEARCH_PATHS = "$(inherited) @executable_path/Frameworks";
				PRODUCT_BUNDLE_IDENTIFIER = com.ssddd.WidgetDemo;
				PRODUCT_NAME = "$(TARGET_NAME)";
				PROVISIONING_PROFILE = "";
			};
			name = Release;
		};
		E531FC7A1C0D41A300B7FFD3 /* Debug */ = {
			isa = XCBuildConfiguration;
			buildSettings = {
				CODE_SIGN_ENTITLEMENTS = NotificationWidget/NotificationWidget.entitlements;
				CODE_SIGN_IDENTITY = "iPhone Developer";
				"CODE_SIGN_IDENTITY[sdk=iphoneos*]" = "iPhone Developer";
				INFOPLIST_FILE = NotificationWidget/Info.plist;
				LD_RUNPATH_SEARCH_PATHS = "$(inherited) @executable_path/Frameworks @executable_path/../../Frameworks";
				PRODUCT_BUNDLE_IDENTIFIER = com.ssddd.WidgetDemo.NotificationWidget;
				PRODUCT_NAME = "$(TARGET_NAME)";
				PROVISIONING_PROFILE = "";
				SKIP_INSTALL = YES;
			};
			name = Debug;
		};
		E531FC7B1C0D41A300B7FFD3 /* Release */ = {
			isa = XCBuildConfiguration;
			buildSettings = {
				CODE_SIGN_ENTITLEMENTS = NotificationWidget/NotificationWidget.entitlements;
				CODE_SIGN_IDENTITY = "iPhone Developer";
				"CODE_SIGN_IDENTITY[sdk=iphoneos*]" = "iPhone Developer";
				INFOPLIST_FILE = NotificationWidget/Info.plist;
				LD_RUNPATH_SEARCH_PATHS = "$(inherited) @executable_path/Frameworks @executable_path/../../Frameworks";
				PRODUCT_BUNDLE_IDENTIFIER = com.ssddd.WidgetDemo.NotificationWidget;
				PRODUCT_NAME = "$(TARGET_NAME)";
				PROVISIONING_PROFILE = "";
				SKIP_INSTALL = YES;
			};
			name = Release;
		};
/* End XCBuildConfiguration section */

/* Begin XCConfigurationList section */
		E531FC471C0D417B00B7FFD3 /* Build configuration list for PBXProject "WidgetDemo" */ = {
			isa = XCConfigurationList;
			buildConfigurations = (
				E531FC611C0D417B00B7FFD3 /* Debug */,
				E531FC621C0D417B00B7FFD3 /* Release */,
			);
			defaultConfigurationIsVisible = 0;
			defaultConfigurationName = Release;
		};
		E531FC631C0D417B00B7FFD3 /* Build configuration list for PBXNativeTarget "WidgetDemo" */ = {
			isa = XCConfigurationList;
			buildConfigurations = (
				E531FC641C0D417B00B7FFD3 /* Debug */,
				E531FC651C0D417B00B7FFD3 /* Release */,
			);
			defaultConfigurationIsVisible = 0;
			defaultConfigurationName = Release;
		};
		E531FC791C0D41A300B7FFD3 /* Build configuration list for PBXNativeTarget "NotificationWidget" */ = {
			isa = XCConfigurationList;
			buildConfigurations = (
				E531FC7A1C0D41A300B7FFD3 /* Debug */,
				E531FC7B1C0D41A300B7FFD3 /* Release */,
			);
			defaultConfigurationIsVisible = 0;
			defaultConfigurationName = Release;
		};
/* End XCConfigurationList section */
	};
	rootObject = E531FC441C0D417B00B7FFD3 /* Project object */;
}
